{
  "name": "examplechart",
  "requires": true,
  "lockfileVersion": 1,
  "dependencies": {
    "@types/jquery": {
      "version": "3.3.29",
      "resolved": "https://registry.npmjs.org/@types/jquery/-/jquery-3.3.29.tgz",
      "integrity": "sha512-FhJvBninYD36v3k6c+bVk1DSZwh7B5Dpb/Pyk3HKVsiohn0nhbefZZ+3JXbWQhFyt0MxSl2jRDdGQPHeOHFXrQ==",
      "requires": {
        "@types/sizzle": "*"
      }
    },
    "@types/sizzle": {
      "version": "2.3.2",
      "resolved": "https://registry.npmjs.org/@types/sizzle/-/sizzle-2.3.2.tgz",
      "integrity": "sha512-7EJYyKTL7tFR8+gDbB6Wwz/arpGa0Mywk1TJbNzKzHtzbwVmY4HR9WqS5VV7dsBUKQmPNr192jHr/VpBluj/hg=="
    },
    "@visualbi/bifrost-powerbi": {
      "version": "0.0.35",
      "resolved": "https://registry.npmjs.org/@visualbi/bifrost-powerbi/-/bifrost-powerbi-0.0.35.tgz",
      "integrity": "sha512-BIPuxfBwozwdSnILTccq2MXur4qm8od8cuF6CGCLAwF9q+QvS38EqUV+FPlNKp26k5qwlafVpEhcHKWM9XKhUg=="
    },
    "coords": {
      "version": "0.0.0",
      "resolved": "https://registry.npmjs.org/coords/-/coords-0.0.0.tgz",
      "integrity": "sha1-diH+Fl0ZvO28MWb7k7PCDUGQ9r4="
    },
    "dsmorse-gridster": {
      "version": "0.7.2",
      "resolved": "https://registry.npmjs.org/dsmorse-gridster/-/dsmorse-gridster-0.7.2.tgz",
      "integrity": "sha512-14fEUNwy0OG4fJ+LrZgrdFDhWrA17OTFcTbs+3ObG4kYFx7kdNp9WYMgPhJZvX9tf6O7pkUxv/9izUGYnNKnwg=="
    },
    "globalize": {
      "version": "0.1.0-a2",
      "resolved": "https://registry.npmjs.org/globalize/-/globalize-0.1.0a2.tgz",
      "integrity": "sha1-fyizguvv2boMs9gDY1+7pkqH8pQ="
    },
    "highcharts": {
      "version": "6.2.0",
      "resolved": "https://registry.npmjs.org/highcharts/-/highcharts-6.2.0.tgz",
      "integrity": "sha512-A4E89MA+kto8giic7zyLU6ZxfXnVeCUlKOyzFsah3+n4BROx4bgonl92KIBtwLud/mIWir8ahqhuhe2by9LakQ=="
    },
    "jquery": {
      "version": "3.5.0",
      "resolved": "https://registry.npmjs.org/jquery/-/jquery-3.5.0.tgz",
      "integrity": "sha512-Xb7SVYMvygPxbFMpTFQiHh1J7HClEaThguL15N/Gg37Lri/qKyhRGZYzHRyLH8Stq3Aow0LsHO2O2ci86fCrNQ=="
    },
    "lodash": {
      "version": "4.17.19",
      "resolved": "https://registry.npmjs.org/lodash/-/lodash-4.17.19.tgz",
      "integrity": "sha512-JNvd8XER9GQX0v2qJgsaN/mzFCNA5BRe/j8JN9d+tWyGLSodKQHKFicdwNYzWwI3wjRnaKPsGj1XkBjx/F96DQ=="
    },
    "powerbi-visuals-utils-dataviewutils": {
      "version": "1.2.0",
      "resolved": "https://registry.npmjs.org/powerbi-visuals-utils-dataviewutils/-/powerbi-visuals-utils-dataviewutils-1.2.0.tgz",
      "integrity": "sha1-WaHJgzVclYoj2ZAYlPZfFXUZMhM="
    },
    "powerbi-visuals-utils-formattingutils": {
      "version": "3.1.0",
      "resolved": "https://registry.npmjs.org/powerbi-visuals-utils-formattingutils/-/powerbi-visuals-utils-formattingutils-3.1.0.tgz",
      "integrity": "sha512-sqA/ZqAzqtsyT65JOh7eNiJHuQnbVzj5eQiu9jc9I/HBWENK6s8w6pJbOT01v5Oz/4c//hXeEKB6Raawp+TlUA==",
      "requires": {
        "globalize": "0.1.0-a2",
        "powerbi-visuals-utils-dataviewutils": "1.4.1",
        "powerbi-visuals-utils-typeutils": "1.2.0"
      },
      "dependencies": {
        "powerbi-visuals-utils-dataviewutils": {
          "version": "1.4.1",
          "resolved": "https://registry.npmjs.org/powerbi-visuals-utils-dataviewutils/-/powerbi-visuals-utils-dataviewutils-1.4.1.tgz",
          "integrity": "sha1-+z8Hq7d1mpLVkEGJzyrkMRPLr9M="
        }
      }
    },
    "powerbi-visuals-utils-typeutils": {
      "version": "1.2.0",
      "resolved": "https://registry.npmjs.org/powerbi-visuals-utils-typeutils/-/powerbi-visuals-utils-typeutils-1.2.0.tgz",
      "integrity": "sha512-7DX+kD+w1vURRDLlOxJHbLqh2ikuAZ6n0YweHg6gt5bheX5Yn80i582Q/iFAyDJwNFeD0nnFDwbEQumcEMD1aA=="
    }
  }
}
